
Microsoft Visual Studio Solution File, Format Version 12.00
# Visual Studio Version 17
VisualStudioVersion = 17.5.33424.131
MinimumVisualStudioVersion = 10.0.40219.1
Project("{9A19103F-16F7-4668-BE54-9A1E7A4F7556}") = "ContactManager", "ContactManager.csproj", "{B9115269-FB3E-4A63-8857-483A425DE7A6}"
EndProject
Global
	GlobalSection(SolutionConfigurationPlatforms) = preSolution
		Debug|Any CPU = Debug|Any CPU
		Release|Any CPU = Release|Any CPU
	EndGlobalSection
	GlobalSection(ProjectConfigurationPlatforms) = postSolution
		{B9115269-FB3E-4A63-8857-483A425DE7A6}.Debug|Any CPU.ActiveCfg = Debug|Any CPU
		{B9115269-FB3E-4A63-8857-483A425DE7A6}.Debug|Any CPU.Build.0 = Debug|Any CPU
		{B9115269-FB3E-4A63-8857-483A425DE7A6}.Release|Any CPU.ActiveCfg = Release|Any CPU
		{B9115269-FB3E-4A63-8857-483A425DE7A6}.Release|Any CPU.Build.0 = Release|Any CPU
	EndGlobalSection
	GlobalSection(SolutionProperties) = preSolution
		HideSolutionNode = FALSE
	EndGlobalSection
	GlobalSection(ExtensibilityGlobals) = postSolution
		SolutionGuid = {D867B680-9734-401E-B536-ED9A6DF3051C}
	EndGlobalSection
EndGlobal
